// !$*UTF8*$!
{
	archiveVersion = 1;
	classes = {
	};
	objectVersion = 77;
	objects = {

/* Begin PBXBuildFile section */
		3F464B7B2DEBAB45003C59A5 /* LaunchScreen.storyboard in Resources */ = {isa = PBXBuildFile; fileRef = 3F464B7A2DEBAB45003C59A5 /* LaunchScreen.storyboard */; };
		3F464B7C2DEBAB45003C59A5 /* LaunchScreen.storyboard in Resources */ = {isa = PBXBuildFile; fileRef = 3F464B7A2DEBAB45003C59A5 /* LaunchScreen.storyboard */; };
		3F4A5ADD2E85E57F006AA34E /* StoreKit.framework in Frameworks */ = {isa = PBXBuildFile; fileRef = 3F4A5ADC2E85E57E006AA34E /* StoreKit.framework */; };
		3F58507B2E5517E500342E8D /* Share.appex in Embed Foundation Extensions */ = {isa = PBXBuildFile; fileRef = 3F1624032DE2395E0020E9C5 /* Share.appex */; settings = {ATTRIBUTES = (CodeSignOnCopy, RemoveHeadersOnCopy, ); }; };
		3F9FD6252E85DEA2006A7EA7 /* tuliai.worthit.premium.storekit in Resources */ = {isa = PBXBuildFile; fileRef = 3F9FD6242E85DEA2006A7EA7 /* tuliai.worthit.premium.storekit */; };
		3F9FD6262E85DEA2006A7EA7 /* tuliai.worthit.premium.storekit in Resources */ = {isa = PBXBuildFile; fileRef = 3F9FD6242E85DEA2006A7EA7 /* tuliai.worthit.premium.storekit */; };
/* End PBXBuildFile section */

/* Begin PBXContainerItemProxy section */
		3F1623BF2DE234F00020E9C5 /* PBXContainerItemProxy */ = {
			isa = PBXContainerItemProxy;
			containerPortal = 3F1623A92DE234EE0020E9C5 /* Project object */;
			proxyType = 1;
			remoteGlobalIDString = 3F1623B02DE234EE0020E9C5;
			remoteInfo = WorthIt;
		};
		3F1623C92DE234F10020E9C5 /* PBXContainerItemProxy */ = {
			isa = PBXContainerItemProxy;
			containerPortal = 3F1623A92DE234EE0020E9C5 /* Project object */;
			proxyType = 1;
			remoteGlobalIDString = 3F1623B02DE234EE0020E9C5;
			remoteInfo = WorthIt;
		};
		3F16240B2DE2395E0020E9C5 /* PBXContainerItemProxy */ = {
			isa = PBXContainerItemProxy;
			containerPortal = 3F1623A92DE234EE0020E9C5 /* Project object */;
			proxyType = 1;
			remoteGlobalIDString = 3F1624022DE2395E0020E9C5;
			remoteInfo = Share;
		};
/* End PBXContainerItemProxy section */

/* Begin PBXCopyFilesBuildPhase section */
		3F1624122DE2395E0020E9C5 /* Embed Foundation Extensions */ = {
			isa = PBXCopyFilesBuildPhase;
			buildActionMask = 8;
			dstPath = "";
			dstSubfolderSpec = 13;
			files = (
				3F58507B2E5517E500342E8D /* Share.appex in Embed Foundation Extensions */,
			);
			name = "Embed Foundation Extensions";
			runOnlyForDeploymentPostprocessing = 0;
		};
/* End PBXCopyFilesBuildPhase section */

/* Begin PBXFileReference section */
		3F1623B12DE234EE0020E9C5 /* WorthIt.app */ = {isa = PBXFileReference; explicitFileType = wrapper.application; includeInIndex = 0; path = WorthIt.app; sourceTree = BUILT_PRODUCTS_DIR; };
		3F1623BE2DE234F00020E9C5 /* WorthItTests.xctest */ = {isa = PBXFileReference; explicitFileType = wrapper.cfbundle; includeInIndex = 0; path = WorthItTests.xctest; sourceTree = BUILT_PRODUCTS_DIR; };
		3F1623C82DE234F10020E9C5 /* WorthItUITests.xctest */ = {isa = PBXFileReference; explicitFileType = wrapper.cfbundle; includeInIndex = 0; path = WorthItUITests.xctest; sourceTree = BUILT_PRODUCTS_DIR; };
		3F1624032DE2395E0020E9C5 /* Share.appex */ = {isa = PBXFileReference; explicitFileType = "wrapper.app-extension"; includeInIndex = 0; path = Share.appex; sourceTree = BUILT_PRODUCTS_DIR; };
		3F464B7A2DEBAB45003C59A5 /* LaunchScreen.storyboard */ = {isa = PBXFileReference; lastKnownFileType = file.storyboard; path = LaunchScreen.storyboard; sourceTree = "<group>"; };
		3F4A5ADC2E85E57E006AA34E /* StoreKit.framework */ = {isa = PBXFileReference; lastKnownFileType = wrapper.framework; name = StoreKit.framework; path = System/Library/Frameworks/StoreKit.framework; sourceTree = SDKROOT; };
		3F9FD6242E85DEA2006A7EA7 /* tuliai.worthit.premium.storekit */ = {isa = PBXFileReference; lastKnownFileType = text; path = tuliai.worthit.premium.storekit; sourceTree = "<group>"; };
/* End PBXFileReference section */

/* Begin PBXFileSystemSynchronizedBuildFileExceptionSet section */
		3F16241A2DE23EB80020E9C5 /* Exceptions for "WorthIt" folder in "Share" target */ = {
			isa = PBXFileSystemSynchronizedBuildFileExceptionSet;
			membershipExceptions = (
				Assets.xcassets,
				MainViewModel.swift,
				Models.swift,
				Services/APIManager.swift,
				Services/CacheManager.swift,
				Services/QAUsageTracker.swift,
				Services/SubscriptionManager.swift,
				Services/UsageTracker.swift,
				Utils/AnalyticsService.swift,
				Utils/Logger.swift,
				Utils/Theme.swift,
				Utils/URLParser.swift,
				Views/AskAnythingScreen.swift,
				Views/CommonUI.swift,
				Views/DecisionCardView.swift,
				Views/EssentialsScreen.swift,
				Views/InitialScreen.swift,
				Views/PaywallCard.swift,
				Views/PaywallView.swift,
				Views/ProcessingView.swift,
				Views/RecentVideosCenterModal.swift,
				Views/RootView.swift,
				Views/SentimentSpectrumView.swift,
				Views/ShareExplanationModal.swift,
				Views/ShareOverlay.swift,
				Views/StartOptionsView.swift,
			);
			target = 3F1624022DE2395E0020E9C5 /* Share */;
		};
		3F16242D2DE2469D0020E9C5 /* Exceptions for "Share" folder in "Share" target */ = {
			isa = PBXFileSystemSynchronizedBuildFileExceptionSet;
			membershipExceptions = (
				Info.plist,
			);
			target = 3F1624022DE2395E0020E9C5 /* Share */;
		};
		3F16242F2DE27C8E0020E9C5 /* Exceptions for "WorthIt" folder in "WorthIt" target */ = {
			isa = PBXFileSystemSynchronizedBuildFileExceptionSet;
			membershipExceptions = (
				info.plist,
			);
			target = 3F1623B02DE234EE0020E9C5 /* WorthIt */;
		};
/* End PBXFileSystemSynchronizedBuildFileExceptionSet section */

/* Begin PBXFileSystemSynchronizedRootGroup section */
		3F1623B32DE234EE0020E9C5 /* WorthIt */ = {
			isa = PBXFileSystemSynchronizedRootGroup;
			exceptions = (
				3F16242F2DE27C8E0020E9C5 /* Exceptions for "WorthIt" folder in "WorthIt" target */,
				3F16241A2DE23EB80020E9C5 /* Exceptions for "WorthIt" folder in "Share" target */,
			);
			path = WorthIt;
			sourceTree = "<group>";
		};
		3F1623CB2DE234F10020E9C5 /* WorthItUITests */ = {
			isa = PBXFileSystemSynchronizedRootGroup;
			path = WorthItUITests;
			sourceTree = "<group>";
		};
		3F1624042DE2395E0020E9C5 /* Share */ = {
			isa = PBXFileSystemSynchronizedRootGroup;
			exceptions = (
				3F16242D2DE2469D0020E9C5 /* Exceptions for "Share" folder in "Share" target */,
			);
			path = Share;
			sourceTree = "<group>";
		};
/* End PBXFileSystemSynchronizedRootGroup section */

/* Begin PBXFrameworksBuildPhase section */
		3F1623AE2DE234EE0020E9C5 /* Frameworks */ = {
			isa = PBXFrameworksBuildPhase;
			buildActionMask = 2147483647;
			files = (
				3F4A5ADD2E85E57F006AA34E /* StoreKit.framework in Frameworks */,
			);
			runOnlyForDeploymentPostprocessing = 0;
		};
		3F1623BB2DE234F00020E9C5 /* Frameworks */ = {
			isa = PBXFrameworksBuildPhase;
			buildActionMask = 2147483647;
			files = (
			);
			runOnlyForDeploymentPostprocessing = 0;
		};
		3F1623C52DE234F10020E9C5 /* Frameworks */ = {
			isa = PBXFrameworksBuildPhase;
			buildActionMask = 2147483647;
			files = (
			);
			runOnlyForDeploymentPostprocessing = 0;
		};
		3F1624002DE2395E0020E9C5 /* Frameworks */ = {
			isa = PBXFrameworksBuildPhase;
			buildActionMask = 2147483647;
			files = (
			);
			runOnlyForDeploymentPostprocessing = 0;
		};
/* End PBXFrameworksBuildPhase section */

/* Begin PBXGroup section */
		3F1623A82DE234EE0020E9C5 = {
			isa = PBXGroup;
			children = (
				3F9FD6242E85DEA2006A7EA7 /* tuliai.worthit.premium.storekit */,
				3F464B7A2DEBAB45003C59A5 /* LaunchScreen.storyboard */,
				3F1623B32DE234EE0020E9C5 /* WorthIt */,
				3F1623CB2DE234F10020E9C5 /* WorthItUITests */,
				3F1624042DE2395E0020E9C5 /* Share */,
				3F4A5ADB2E85E57E006AA34E /* Frameworks */,
				3F1623B22DE234EE0020E9C5 /* Products */,
			);
			sourceTree = "<group>";
		};
		3F1623B22DE234EE0020E9C5 /* Products */ = {
			isa = PBXGroup;
			children = (
				3F1623B12DE234EE0020E9C5 /* WorthIt.app */,
				3F1623BE2DE234F00020E9C5 /* WorthItTests.xctest */,
				3F1623C82DE234F10020E9C5 /* WorthItUITests.xctest */,
				3F1624032DE2395E0020E9C5 /* Share.appex */,
			);
			name = Products;
			sourceTree = "<group>";
		};
		3F4A5ADB2E85E57E006AA34E /* Frameworks */ = {
			isa = PBXGroup;
			children = (
				3F4A5ADC2E85E57E006AA34E /* StoreKit.framework */,
			);
			name = Frameworks;
			sourceTree = "<group>";
		};
/* End PBXGroup section */

/* Begin PBXNativeTarget section */
		3F1623B02DE234EE0020E9C5 /* WorthIt */ = {
			isa = PBXNativeTarget;
			buildConfigurationList = 3F1623D22DE234F10020E9C5 /* Build configuration list for PBXNativeTarget "WorthIt" */;
			buildPhases = (
				3F1623AD2DE234EE0020E9C5 /* Sources */,
				3F1623AE2DE234EE0020E9C5 /* Frameworks */,
				3F1623AF2DE234EE0020E9C5 /* Resources */,
				3F1624122DE2395E0020E9C5 /* Embed Foundation Extensions */,
			);
			buildRules = (
			);
			dependencies = (
				3F16240C2DE2395E0020E9C5 /* PBXTargetDependency */,
			);
			fileSystemSynchronizedGroups = (
				3F1623B32DE234EE0020E9C5 /* WorthIt */,
			);
			name = WorthIt;
			packageProductDependencies = (
			);
			productName = WorthIt;
			productReference = 3F1623B12DE234EE0020E9C5 /* WorthIt.app */;
			productType = "com.apple.product-type.application";
		};
		3F1623BD2DE234F00020E9C5 /* WorthItTests */ = {
			isa = PBXNativeTarget;
			buildConfigurationList = 3F1623D52DE234F10020E9C5 /* Build configuration list for PBXNativeTarget "WorthItTests" */;
			buildPhases = (
				3F1623BA2DE234F00020E9C5 /* Sources */,
				3F1623BB2DE234F00020E9C5 /* Frameworks */,
				3F1623BC2DE234F00020E9C5 /* Resources */,
			);
			buildRules = (
			);
			dependencies = (
				3F1623C02DE234F00020E9C5 /* PBXTargetDependency */,
			);
			name = WorthItTests;
			packageProductDependencies = (
			);
			productName = WorthItTests;
			productReference = 3F1623BE2DE234F00020E9C5 /* WorthItTests.xctest */;
			productType = "com.apple.product-type.bundle.unit-test";
		};
		3F1623C72DE234F10020E9C5 /* WorthItUITests */ = {
			isa = PBXNativeTarget;
			buildConfigurationList = 3F1623D82DE234F10020E9C5 /* Build configuration list for PBXNativeTarget "WorthItUITests" */;
			buildPhases = (
				3F1623C42DE234F10020E9C5 /* Sources */,
				3F1623C52DE234F10020E9C5 /* Frameworks */,
				3F1623C62DE234F10020E9C5 /* Resources */,
			);
			buildRules = (
			);
			dependencies = (
				3F1623CA2DE234F10020E9C5 /* PBXTargetDependency */,
			);
			fileSystemSynchronizedGroups = (
				3F1623CB2DE234F10020E9C5 /* WorthItUITests */,
			);
			name = WorthItUITests;
			packageProductDependencies = (
			);
			productName = WorthItUITests;
			productReference = 3F1623C82DE234F10020E9C5 /* WorthItUITests.xctest */;
			productType = "com.apple.product-type.bundle.ui-testing";
		};
		3F1624022DE2395E0020E9C5 /* Share */ = {
			isa = PBXNativeTarget;
			buildConfigurationList = 3F16240E2DE2395E0020E9C5 /* Build configuration list for PBXNativeTarget "Share" */;
			buildPhases = (
				3F1623FF2DE2395E0020E9C5 /* Sources */,
				3F1624002DE2395E0020E9C5 /* Frameworks */,
				3F1624012DE2395E0020E9C5 /* Resources */,
			);
			buildRules = (
			);
			dependencies = (
			);
			fileSystemSynchronizedGroups = (
				3F1624042DE2395E0020E9C5 /* Share */,
			);
			name = Share;
			packageProductDependencies = (
			);
			productName = Share;
			productReference = 3F1624032DE2395E0020E9C5 /* Share.appex */;
			productType = "com.apple.product-type.app-extension";
		};
/* End PBXNativeTarget section */

/* Begin PBXProject section */
		3F1623A92DE234EE0020E9C5 /* Project object */ = {
			isa = PBXProject;
			attributes = {
				BuildIndependentTargetsInParallel = 1;
				LastSwiftUpdateCheck = 1640;
				LastUpgradeCheck = 1640;
				TargetAttributes = {
					3F1623B02DE234EE0020E9C5 = {
						CreatedOnToolsVersion = 16.4;
					};
					3F1623BD2DE234F00020E9C5 = {
						CreatedOnToolsVersion = 16.4;
						TestTargetID = 3F1623B02DE234EE0020E9C5;
					};
					3F1623C72DE234F10020E9C5 = {
						CreatedOnToolsVersion = 16.4;
						TestTargetID = 3F1623B02DE234EE0020E9C5;
					};
					3F1624022DE2395E0020E9C5 = {
						CreatedOnToolsVersion = 16.4;
					};
				};
			};
			buildConfigurationList = 3F1623AC2DE234EE0020E9C5 /* Build configuration list for PBXProject "WorthIt" */;
			developmentRegion = en;
			hasScannedForEncodings = 0;
			knownRegions = (
				en,
				Base,
				"en-GB",
				it,
				ja,
				"es-US",
				"pt-BR",
				fr,
				de,
			);
			mainGroup = 3F1623A82DE234EE0020E9C5;
			minimizedProjectReferenceProxies = 1;
			preferredProjectObjectVersion = 77;
			productRefGroup = 3F1623B22DE234EE0020E9C5 /* Products */;
			projectDirPath = "";
			projectRoot = "";
			targets = (
				3F1623B02DE234EE0020E9C5 /* WorthIt */,
				3F1623BD2DE234F00020E9C5 /* WorthItTests */,
				3F1623C72DE234F10020E9C5 /* WorthItUITests */,
				3F1624022DE2395E0020E9C5 /* Share */,
			);
		};
/* End PBXProject section */

/* Begin PBXResourcesBuildPhase section */
		3F1623AF2DE234EE0020E9C5 /* Resources */ = {
			isa = PBXResourcesBuildPhase;
			buildActionMask = 2147483647;
			files = (
				3F464B7C2DEBAB45003C59A5 /* LaunchScreen.storyboard in Resources */,
				3F9FD6252E85DEA2006A7EA7 /* tuliai.worthit.premium.storekit in Resources */,
			);
			runOnlyForDeploymentPostprocessing = 0;
		};
		3F1623BC2DE234F00020E9C5 /* Resources */ = {
			isa = PBXResourcesBuildPhase;
			buildActionMask = 2147483647;
			files = (
			);
			runOnlyForDeploymentPostprocessing = 0;
		};
		3F1623C62DE234F10020E9C5 /* Resources */ = {
			isa = PBXResourcesBuildPhase;
			buildActionMask = 2147483647;
			files = (
			);
			runOnlyForDeploymentPostprocessing = 0;
		};
		3F1624012DE2395E0020E9C5 /* Resources */ = {
			isa = PBXResourcesBuildPhase;
			buildActionMask = 2147483647;
			files = (
				3F9FD6262E85DEA2006A7EA7 /* tuliai.worthit.premium.storekit in Resources */,
				3F464B7B2DEBAB45003C59A5 /* LaunchScreen.storyboard in Resources */,
			);
			runOnlyForDeploymentPostprocessing = 0;
		};
/* End PBXResourcesBuildPhase section */

/* Begin PBXSourcesBuildPhase section */
		3F1623AD2DE234EE0020E9C5 /* Sources */ = {
			isa = PBXSourcesBuildPhase;
			buildActionMask = 2147483647;
			files = (
			);
			runOnlyForDeploymentPostprocessing = 0;
		};
		3F1623BA2DE234F00020E9C5 /* Sources */ = {
			isa = PBXSourcesBuildPhase;
			buildActionMask = 2147483647;
			files = (
			);
			runOnlyForDeploymentPostprocessing = 0;
		};
		3F1623C42DE234F10020E9C5 /* Sources */ = {
			isa = PBXSourcesBuildPhase;
			buildActionMask = 2147483647;
			files = (
			);
			runOnlyForDeploymentPostprocessing = 0;
		};
		3F1623FF2DE2395E0020E9C5 /* Sources */ = {
			isa = PBXSourcesBuildPhase;
			buildActionMask = 2147483647;
			files = (
			);
			runOnlyForDeploymentPostprocessing = 0;
		};
/* End PBXSourcesBuildPhase section */

/* Begin PBXTargetDependency section */
		3F1623C02DE234F00020E9C5 /* PBXTargetDependency */ = {
			isa = PBXTargetDependency;
			target = 3F1623B02DE234EE0020E9C5 /* WorthIt */;
			targetProxy = 3F1623BF2DE234F00020E9C5 /* PBXContainerItemProxy */;
		};
		3F1623CA2DE234F10020E9C5 /* PBXTargetDependency */ = {
			isa = PBXTargetDependency;
			target = 3F1623B02DE234EE0020E9C5 /* WorthIt */;
			targetProxy = 3F1623C92DE234F10020E9C5 /* PBXContainerItemProxy */;
		};
		3F16240C2DE2395E0020E9C5 /* PBXTargetDependency */ = {
			isa = PBXTargetDependency;
			target = 3F1624022DE2395E0020E9C5 /* Share */;
			targetProxy = 3F16240B2DE2395E0020E9C5 /* PBXContainerItemProxy */;
		};
/* End PBXTargetDependency section */

/* Begin XCBuildConfiguration section */
		3F1623D02DE234F10020E9C5 /* Debug */ = {
			isa = XCBuildConfiguration;
			buildSettings = {
				ALWAYS_SEARCH_USER_PATHS = NO;
				ASSETCATALOG_COMPILER_GENERATE_SWIFT_ASSET_SYMBOL_EXTENSIONS = YES;
				CLANG_ANALYZER_NONNULL = YES;
				CLANG_ANALYZER_NUMBER_OBJECT_CONVERSION = YES_AGGRESSIVE;
				CLANG_CXX_LANGUAGE_STANDARD = "gnu++20";
				CLANG_ENABLE_MODULES = YES;
				CLANG_ENABLE_OBJC_ARC = YES;
				CLANG_ENABLE_OBJC_WEAK = YES;
				CLANG_WARN_BLOCK_CAPTURE_AUTORELEASING = YES;
				CLANG_WARN_BOOL_CONVERSION = YES;
				CLANG_WARN_COMMA = YES;
				CLANG_WARN_CONSTANT_CONVERSION = YES;
				CLANG_WARN_DEPRECATED_OBJC_IMPLEMENTATIONS = YES;
				CLANG_WARN_DIRECT_OBJC_ISA_USAGE = YES_ERROR;
				CLANG_WARN_DOCUMENTATION_COMMENTS = YES;
				CLANG_WARN_EMPTY_BODY = YES;
				CLANG_WARN_ENUM_CONVERSION = YES;
				CLANG_WARN_INFINITE_RECURSION = YES;
				CLANG_WARN_INT_CONVERSION = YES;
				CLANG_WARN_NON_LITERAL_NULL_CONVERSION = YES;
				CLANG_WARN_OBJC_IMPLICIT_RETAIN_SELF = YES;
				CLANG_WARN_OBJC_LITERAL_CONVERSION = YES;
				CLANG_WARN_OBJC_ROOT_CLASS = YES_ERROR;
				CLANG_WARN_QUOTED_INCLUDE_IN_FRAMEWORK_HEADER = YES;
				CLANG_WARN_RANGE_LOOP_ANALYSIS = YES;
				CLANG_WARN_STRICT_PROTOTYPES = YES;
				CLANG_WARN_SUSPICIOUS_MOVE = YES;
				CLANG_WARN_UNGUARDED_AVAILABILITY = YES_AGGRESSIVE;
				CLANG_WARN_UNREACHABLE_CODE = YES;
				CLANG_WARN__DUPLICATE_METHOD_MATCH = YES;
				COPY_PHASE_STRIP = NO;
				DEBUG_INFORMATION_FORMAT = dwarf;
				DEVELOPMENT_TEAM = 4F94A62T5V;
				ENABLE_STRICT_OBJC_MSGSEND = YES;
				ENABLE_TESTABILITY = YES;
				ENABLE_USER_SCRIPT_SANDBOXING = YES;
				GCC_C_LANGUAGE_STANDARD = gnu17;
				GCC_DYNAMIC_NO_PIC = NO;
				GCC_NO_COMMON_BLOCKS = YES;
				GCC_OPTIMIZATION_LEVEL = 0;
				GCC_PREPROCESSOR_DEFINITIONS = (
					"DEBUG=1",
					"$(inherited)",
				);
				GCC_WARN_64_TO_32_BIT_CONVERSION = YES;
				GCC_WARN_ABOUT_RETURN_TYPE = YES_ERROR;
				GCC_WARN_UNDECLARED_SELECTOR = YES;
				GCC_WARN_UNINITIALIZED_AUTOS = YES_AGGRESSIVE;
				GCC_WARN_UNUSED_FUNCTION = YES;
				GCC_WARN_UNUSED_VARIABLE = YES;
				IPHONEOS_DEPLOYMENT_TARGET = 16.6;
				LOCALIZATION_PREFERS_STRING_CATALOGS = YES;
				MTL_ENABLE_DEBUG_INFO = INCLUDE_SOURCE;
				MTL_FAST_MATH = YES;
				ONLY_ACTIVE_ARCH = YES;
				SDKROOT = iphoneos;
				SWIFT_ACTIVE_COMPILATION_CONDITIONS = "DEBUG $(inherited)";
				SWIFT_OPTIMIZATION_LEVEL = "-Onone";
			};
			name = Debug;
		};
		3F1623D12DE234F10020E9C5 /* Release */ = {
			isa = XCBuildConfiguration;
			buildSettings = {
				ALWAYS_SEARCH_USER_PATHS = NO;
				ASSETCATALOG_COMPILER_GENERATE_SWIFT_ASSET_SYMBOL_EXTENSIONS = YES;
				CLANG_ANALYZER_NONNULL = YES;
				CLANG_ANALYZER_NUMBER_OBJECT_CONVERSION = YES_AGGRESSIVE;
				CLANG_CXX_LANGUAGE_STANDARD = "gnu++20";
				CLANG_ENABLE_MODULES = YES;
				CLANG_ENABLE_OBJC_ARC = YES;
				CLANG_ENABLE_OBJC_WEAK = YES;
				CLANG_WARN_BLOCK_CAPTURE_AUTORELEASING = YES;
				CLANG_WARN_BOOL_CONVERSION = YES;
				CLANG_WARN_COMMA = YES;
				CLANG_WARN_CONSTANT_CONVERSION = YES;
				CLANG_WARN_DEPRECATED_OBJC_IMPLEMENTATIONS = YES;
				CLANG_WARN_DIRECT_OBJC_ISA_USAGE = YES_ERROR;
				CLANG_WARN_DOCUMENTATION_COMMENTS = YES;
				CLANG_WARN_EMPTY_BODY = YES;
				CLANG_WARN_ENUM_CONVERSION = YES;
				CLANG_WARN_INFINITE_RECURSION = YES;
				CLANG_WARN_INT_CONVERSION = YES;
				CLANG_WARN_NON_LITERAL_NULL_CONVERSION = YES;
				CLANG_WARN_OBJC_IMPLICIT_RETAIN_SELF = YES;
				CLANG_WARN_OBJC_LITERAL_CONVERSION = YES;
				CLANG_WARN_OBJC_ROOT_CLASS = YES_ERROR;
				CLANG_WARN_QUOTED_INCLUDE_IN_FRAMEWORK_HEADER = YES;
				CLANG_WARN_RANGE_LOOP_ANALYSIS = YES;
				CLANG_WARN_STRICT_PROTOTYPES = YES;
				CLANG_WARN_SUSPICIOUS_MOVE = YES;
				CLANG_WARN_UNGUARDED_AVAILABILITY = YES_AGGRESSIVE;
				CLANG_WARN_UNREACHABLE_CODE = YES;
				CLANG_WARN__DUPLICATE_METHOD_MATCH = YES;
				COPY_PHASE_STRIP = NO;
				DEBUG_INFORMATION_FORMAT = "dwarf-with-dsym";
				DEVELOPMENT_TEAM = 4F94A62T5V;
				ENABLE_NS_ASSERTIONS = NO;
				ENABLE_STRICT_OBJC_MSGSEND = YES;
				ENABLE_USER_SCRIPT_SANDBOXING = YES;
				GCC_C_LANGUAGE_STANDARD = gnu17;
				GCC_NO_COMMON_BLOCKS = YES;
				GCC_WARN_64_TO_32_BIT_CONVERSION = YES;
				GCC_WARN_ABOUT_RETURN_TYPE = YES_ERROR;
				GCC_WARN_UNDECLARED_SELECTOR = YES;
				GCC_WARN_UNINITIALIZED_AUTOS = YES_AGGRESSIVE;
				GCC_WARN_UNUSED_FUNCTION = YES;
				GCC_WARN_UNUSED_VARIABLE = YES;
				IPHONEOS_DEPLOYMENT_TARGET = 16.6;
				LOCALIZATION_PREFERS_STRING_CATALOGS = YES;
				MTL_ENABLE_DEBUG_INFO = NO;
				MTL_FAST_MATH = YES;
				SDKROOT = iphoneos;
				SWIFT_COMPILATION_MODE = wholemodule;
				VALIDATE_PRODUCT = YES;
			};
			name = Release;
		};
		3F1623D32DE234F10020E9C5 /* Debug */ = {
			isa = XCBuildConfiguration;
			buildSettings = {
				ASSETCATALOG_COMPILER_APPICON_NAME = AppIcon;
				ASSETCATALOG_COMPILER_GLOBAL_ACCENT_COLOR_NAME = AccentColor;
				BUILD_LIBRARY_FOR_DISTRIBUTION = YES;
				CODE_SIGN_ENTITLEMENTS = WorthIt/WorthIt.entitlements;
				CODE_SIGN_STYLE = Automatic;
				CURRENT_PROJECT_VERSION = 1.2.3;
				DEFINES_MODULE = YES;
				DEVELOPMENT_TEAM = 4F94A62T5V;
				ENABLE_PREVIEWS = YES;
				GENERATE_INFOPLIST_FILE = NO;
				INFOPLIST_FILE = WorthIt/info.plist;
				INFOPLIST_KEY_UIApplicationSceneManifest_Generation = YES;
				INFOPLIST_KEY_UIApplicationSupportsIndirectInputEvents = YES;
				INFOPLIST_KEY_UILaunchScreen_Generation = YES;
				INFOPLIST_KEY_UISupportedInterfaceOrientations_iPad = "";
				INFOPLIST_KEY_UISupportedInterfaceOrientations_iPhone = "UIInterfaceOrientationPortrait UIInterfaceOrientationLandscapeLeft UIInterfaceOrientationLandscapeRight";
				IPHONEOS_DEPLOYMENT_TARGET = 16.6;
				LD_RUNPATH_SEARCH_PATHS = (
					"$(inherited)",
					"@executable_path/Frameworks",
				);
				MARKETING_VERSION = 1.2.3;
				PRODUCT_BUNDLE_IDENTIFIER = TuliAI.WorthIt;
				PRODUCT_NAME = "$(TARGET_NAME)";
				SUPPORTED_PLATFORMS = "iphoneos iphonesimulator";
				SUPPORTS_MACCATALYST = NO;
				SUPPORTS_MAC_DESIGNED_FOR_IPHONE_IPAD = NO;
				SUPPORTS_XR_DESIGNED_FOR_IPHONE_IPAD = NO;
				SWIFT_EMIT_LOC_STRINGS = YES;
				SWIFT_VERSION = 5.0;
				TARGETED_DEVICE_FAMILY = 1;
			};
			name = Debug;
		};
		3F1623D42DE234F10020E9C5 /* Release */ = {
			isa = XCBuildConfiguration;
			buildSettings = {
				ASSETCATALOG_COMPILER_APPICON_NAME = AppIcon;
				ASSETCATALOG_COMPILER_GLOBAL_ACCENT_COLOR_NAME = AccentColor;
				BUILD_LIBRARY_FOR_DISTRIBUTION = YES;
				CODE_SIGN_ENTITLEMENTS = WorthIt/WorthIt.entitlements;
				CODE_SIGN_STYLE = Automatic;
				CURRENT_PROJECT_VERSION = 1.2.3;
				DEFINES_MODULE = YES;
				DEVELOPMENT_TEAM = 4F94A62T5V;
				ENABLE_PREVIEWS = YES;
				GENERATE_INFOPLIST_FILE = NO;
				INFOPLIST_FILE = WorthIt/info.plist;
				INFOPLIST_KEY_UIApplicationSceneManifest_Generation = YES;
				INFOPLIST_KEY_UIApplicationSupportsIndirectInputEvents = YES;
				INFOPLIST_KEY_UILaunchScreen_Generation = YES;
				INFOPLIST_KEY_UISupportedInterfaceOrientations_iPad = "";
				INFOPLIST_KEY_UISupportedInterfaceOrientations_iPhone = "UIInterfaceOrientationPortrait UIInterfaceOrientationLandscapeLeft UIInterfaceOrientationLandscapeRight";
				IPHONEOS_DEPLOYMENT_TARGET = 16.6;
				LD_RUNPATH_SEARCH_PATHS = (
					"$(inherited)",
					"@executable_path/Frameworks",
				);
				MARKETING_VERSION = 1.2.3;
				PRODUCT_BUNDLE_IDENTIFIER = TuliAI.WorthIt;
				PRODUCT_NAME = "$(TARGET_NAME)";
				SUPPORTED_PLATFORMS = "iphoneos iphonesimulator";
				SUPPORTS_MACCATALYST = NO;
				SUPPORTS_MAC_DESIGNED_FOR_IPHONE_IPAD = NO;
				SUPPORTS_XR_DESIGNED_FOR_IPHONE_IPAD = NO;
				SWIFT_EMIT_LOC_STRINGS = YES;
				SWIFT_VERSION = 5.0;
				TARGETED_DEVICE_FAMILY = 1;
			};
			name = Release;
		};
		3F1623D62DE234F10020E9C5 /* Debug */ = {
			isa = XCBuildConfiguration;
			buildSettings = {
				BUNDLE_LOADER = "$(TEST_HOST)";
				CODE_SIGN_STYLE = Automatic;
				CURRENT_PROJECT_VERSION = 1200;
				DEVELOPMENT_TEAM = 4F94A62T5V;
				GENERATE_INFOPLIST_FILE = YES;
				IPHONEOS_DEPLOYMENT_TARGET = 16.6;
				MARKETING_VERSION = 1.2;
				PRODUCT_BUNDLE_IDENTIFIER = TuliAI.WorthItTests;
				PRODUCT_NAME = "$(TARGET_NAME)";
				SUPPORTED_PLATFORMS = "iphoneos iphonesimulator";
				SUPPORTS_MACCATALYST = NO;
				SUPPORTS_MAC_DESIGNED_FOR_IPHONE_IPAD = NO;
				SUPPORTS_XR_DESIGNED_FOR_IPHONE_IPAD = NO;
				SWIFT_EMIT_LOC_STRINGS = NO;
				SWIFT_VERSION = 5.0;
				TARGETED_DEVICE_FAMILY = 1;
				TEST_HOST = "$(BUILT_PRODUCTS_DIR)/WorthIt.app/$(BUNDLE_EXECUTABLE_FOLDER_PATH)/WorthIt";
			};
			name = Debug;
		};
		3F1623D72DE234F10020E9C5 /* Release */ = {
			isa = XCBuildConfiguration;
			buildSettings = {
				BUNDLE_LOADER = "$(TEST_HOST)";
				CODE_SIGN_STYLE = Automatic;
				CURRENT_PROJECT_VERSION = 1200;
				DEVELOPMENT_TEAM = 4F94A62T5V;
				GENERATE_INFOPLIST_FILE = YES;
				IPHONEOS_DEPLOYMENT_TARGET = 16.6;
				MARKETING_VERSION = 1.2;
				PRODUCT_BUNDLE_IDENTIFIER = TuliAI.WorthItTests;
				PRODUCT_NAME = "$(TARGET_NAME)";
				SUPPORTED_PLATFORMS = "iphoneos iphonesimulator";
				SUPPORTS_MACCATALYST = NO;
				SUPPORTS_MAC_DESIGNED_FOR_IPHONE_IPAD = NO;
				SUPPORTS_XR_DESIGNED_FOR_IPHONE_IPAD = NO;
				SWIFT_EMIT_LOC_STRINGS = NO;
				SWIFT_VERSION = 5.0;
				TARGETED_DEVICE_FAMILY = 1;
				TEST_HOST = "$(BUILT_PRODUCTS_DIR)/WorthIt.app/$(BUNDLE_EXECUTABLE_FOLDER_PATH)/WorthIt";
			};
			name = Release;
		};
		3F1623D92DE234F10020E9C5 /* Debug */ = {
			isa = XCBuildConfiguration;
			buildSettings = {
				CODE_SIGN_STYLE = Automatic;
				CURRENT_PROJECT_VERSION = 1200;
				DEVELOPMENT_TEAM = 4F94A62T5V;
				GENERATE_INFOPLIST_FILE = YES;
				IPHONEOS_DEPLOYMENT_TARGET = 16.6;
				MARKETING_VERSION = 1.2;
				PRODUCT_BUNDLE_IDENTIFIER = TuliAI.WorthItUITests;
				PRODUCT_NAME = "$(TARGET_NAME)";
				SUPPORTED_PLATFORMS = "iphoneos iphonesimulator";
				SUPPORTS_MACCATALYST = NO;
				SUPPORTS_MAC_DESIGNED_FOR_IPHONE_IPAD = NO;
				SUPPORTS_XR_DESIGNED_FOR_IPHONE_IPAD = NO;
				SWIFT_EMIT_LOC_STRINGS = NO;
				SWIFT_VERSION = 5.0;
				TARGETED_DEVICE_FAMILY = 1;
				TEST_TARGET_NAME = WorthIt;
			};
			name = Debug;
		};
		3F1623DA2DE234F10020E9C5 /* Release */ = {
			isa = XCBuildConfiguration;
			buildSettings = {
				CODE_SIGN_STYLE = Automatic;
				CURRENT_PROJECT_VERSION = 1200;
				DEVELOPMENT_TEAM = 4F94A62T5V;
				GENERATE_INFOPLIST_FILE = YES;
				IPHONEOS_DEPLOYMENT_TARGET = 16.6;
				MARKETING_VERSION = 1.2;
				PRODUCT_BUNDLE_IDENTIFIER = TuliAI.WorthItUITests;
				PRODUCT_NAME = "$(TARGET_NAME)";
				SUPPORTED_PLATFORMS = "iphoneos iphonesimulator";
				SUPPORTS_MACCATALYST = NO;
				SUPPORTS_MAC_DESIGNED_FOR_IPHONE_IPAD = NO;
				SUPPORTS_XR_DESIGNED_FOR_IPHONE_IPAD = NO;
				SWIFT_EMIT_LOC_STRINGS = NO;
				SWIFT_VERSION = 5.0;
				TARGETED_DEVICE_FAMILY = 1;
				TEST_TARGET_NAME = WorthIt;
			};
			name = Release;
		};
		3F16240F2DE2395E0020E9C5 /* Debug */ = {
			isa = XCBuildConfiguration;
			buildSettings = {
				CODE_SIGN_ENTITLEMENTS = Share/Share.entitlements;
				CODE_SIGN_STYLE = Automatic;
				CURRENT_PROJECT_VERSION = 1200;
				DEVELOPMENT_TEAM = 4F94A62T5V;
				GENERATE_INFOPLIST_FILE = NO;
				INFOPLIST_FILE = Share/Info.plist;
				INFOPLIST_KEY_CFBundleDisplayName = Share;
				INFOPLIST_KEY_NSHumanReadableCopyright = "";
				IPHONEOS_DEPLOYMENT_TARGET = 16.6;
				LD_RUNPATH_SEARCH_PATHS = (
					"$(inherited)",
					"@executable_path/Frameworks",
					"@executable_path/../../Frameworks",
				);
				MARKETING_VERSION = 1.2.3;
				PRODUCT_BUNDLE_IDENTIFIER = TuliAI.WorthIt.Share;
				PRODUCT_NAME = "$(TARGET_NAME)";
				SKIP_INSTALL = YES;
				SUPPORTED_PLATFORMS = "iphoneos iphonesimulator";
				SUPPORTS_MACCATALYST = NO;
				SUPPORTS_MAC_DESIGNED_FOR_IPHONE_IPAD = NO;
				SUPPORTS_XR_DESIGNED_FOR_IPHONE_IPAD = NO;
				SWIFT_EMIT_LOC_STRINGS = YES;
				SWIFT_VERSION = 5.0;
				TARGETED_DEVICE_FAMILY = 1;
			};
			name = Debug;
		};
		3F1624102DE2395E0020E9C5 /* Release */ = {
			isa = XCBuildConfiguration;
			buildSettings = {
				CODE_SIGN_ENTITLEMENTS = Share/Share.entitlements;
				CODE_SIGN_STYLE = Automatic;
				CURRENT_PROJECT_VERSION = 1200;
				DEVELOPMENT_TEAM = 4F94A62T5V;
				GENERATE_INFOPLIST_FILE = NO;
				INFOPLIST_FILE = Share/Info.plist;
				INFOPLIST_KEY_CFBundleDisplayName = Share;
				INFOPLIST_KEY_NSHumanReadableCopyright = "";
				IPHONEOS_DEPLOYMENT_TARGET = 16.6;
				LD_RUNPATH_SEARCH_PATHS = (
					"$(inherited)",
					"@executable_path/Frameworks",
					"@executable_path/../../Frameworks",
				);
				MARKETING_VERSION = 1.2.3;
				PRODUCT_BUNDLE_IDENTIFIER = TuliAI.WorthIt.Share;
				PRODUCT_NAME = "$(TARGET_NAME)";
				SKIP_INSTALL = YES;
				SUPPORTED_PLATFORMS = "iphoneos iphonesimulator";
				SUPPORTS_MACCATALYST = NO;
				SUPPORTS_MAC_DESIGNED_FOR_IPHONE_IPAD = NO;
				SUPPORTS_XR_DESIGNED_FOR_IPHONE_IPAD = NO;
				SWIFT_EMIT_LOC_STRINGS = YES;
				SWIFT_VERSION = 5.0;
				TARGETED_DEVICE_FAMILY = 1;
			};
			name = Release;
		};
/* End XCBuildConfiguration section */

/* Begin XCConfigurationList section */
		3F1623AC2DE234EE0020E9C5 /* Build configuration list for PBXProject "WorthIt" */ = {
			isa = XCConfigurationList;
			buildConfigurations = (
				3F1623D02DE234F10020E9C5 /* Debug */,
				3F1623D12DE234F10020E9C5 /* Release */,
			);
			defaultConfigurationIsVisible = 0;
			defaultConfigurationName = Release;
		};
		3F1623D22DE234F10020E9C5 /* Build configuration list for PBXNativeTarget "WorthIt" */ = {
			isa = XCConfigurationList;
			buildConfigurations = (
				3F1623D32DE234F10020E9C5 /* Debug */,
				3F1623D42DE234F10020E9C5 /* Release */,
			);
			defaultConfigurationIsVisible = 0;
			defaultConfigurationName = Release;
		};
		3F1623D52DE234F10020E9C5 /* Build configuration list for PBXNativeTarget "WorthItTests" */ = {
			isa = XCConfigurationList;
			buildConfigurations = (
				3F1623D62DE234F10020E9C5 /* Debug */,
				3F1623D72DE234F10020E9C5 /* Release */,
			);
			defaultConfigurationIsVisible = 0;
			defaultConfigurationName = Release;
		};
		3F1623D82DE234F10020E9C5 /* Build configuration list for PBXNativeTarget "WorthItUITests" */ = {
			isa = XCConfigurationList;
			buildConfigurations = (
				3F1623D92DE234F10020E9C5 /* Debug */,
				3F1623DA2DE234F10020E9C5 /* Release */,
			);
			defaultConfigurationIsVisible = 0;
			defaultConfigurationName = Release;
		};
		3F16240E2DE2395E0020E9C5 /* Build configuration list for PBXNativeTarget "Share" */ = {
			isa = XCConfigurationList;
			buildConfigurations = (
				3F16240F2DE2395E0020E9C5 /* Debug */,
				3F1624102DE2395E0020E9C5 /* Release */,
			);
			defaultConfigurationIsVisible = 0;
			defaultConfigurationName = Release;
		};
/* End XCConfigurationList section */
	};
	rootObject = 3F1623A92DE234EE0020E9C5 /* Project object */;
}
